
Microsoft Visual Studio Solution File, Format Version 12.00
# Visual Studio Version 18
VisualStudioVersion = 18.2.11415.280 d18.0
MinimumVisualStudioVersion = 10.0.40219.1
Project("{FAE04EC0-301F-11D3-BF4B-00C04F79EFBC}") = "Hotels.Infrastructure", "Services\Hotels\Hotels.Infrastructure\Hotels.Infrastructure.csproj", "{113CF209-9F7A-467B-B6D8-68174F402E67}"
EndProject
Project("{FAE04EC0-301F-11D3-BF4B-00C04F79EFBC}") = "Hotels.Domain", "Services\Hotels\Hotels.Domain\Hotels.Domain.csproj", "{F4BBE78F-DFAF-4D97-9DE4-356AC18B4414}"
EndProject
Project("{FAE04EC0-301F-11D3-BF4B-00C04F79EFBC}") = "Hotels.xUnitTests", "Services\Hotels\Hotels.xUnitTests\Hotels.xUnitTests.csproj", "{B9633DD3-4F0B-4484-96FF-E7A92E1133BC}"
EndProject
Project("{FAE04EC0-301F-11D3-BF4B-00C04F79EFBC}") = "Hotels.WebApi", "Services\Hotels\Hotels.WebApi\Hotels.WebApi.csproj", "{6DE71224-391F-4B4D-BEE4-AFE1BBD23FE5}"
EndProject
Project("{2150E333-8FDC-42A3-9474-1A3956D46DE8}") = "Services", "Services", "{5854FF58-B8C5-05C6-5BF2-ACE42193F22B}"
EndProject
Project("{2150E333-8FDC-42A3-9474-1A3956D46DE8}") = "Admin", "Admin", "{A72710A1-07F0-7F52-C5F6-F6B27ED7D27D}"
EndProject
Project("{FAE04EC0-301F-11D3-BF4B-00C04F79EFBC}") = "Admin.Domain", "Services\Admin\Admin.Domain\Admin.Domain.csproj", "{96DFB433-E199-473B-82B3-600A753BEB79}"
EndProject
Project("{FAE04EC0-301F-11D3-BF4B-00C04F79EFBC}") = "Admin.Application", "Services\Admin\Admin.Application\Admin.Application.csproj", "{C8AACBF1-A1C9-4674-8CE3-92746DFE0C67}"
EndProject
Project("{FAE04EC0-301F-11D3-BF4B-00C04F79EFBC}") = "Admin.Infrastructure", "Services\Admin\Admin.Infrastructure\Admin.Infrastructure.csproj", "{B1A4965F-5908-4D3D-AE61-F7EE655A355B}"
EndProject
Project("{FAE04EC0-301F-11D3-BF4B-00C04F79EFBC}") = "Admin.WebApi", "Services\Admin\Admin.WebApi\Admin.WebApi.csproj", "{8652FEAC-6E4A-4517-8C4E-CD3CE16FAC6F}"
EndProject
Project("{FAE04EC0-301F-11D3-BF4B-00C04F79EFBC}") = "Admin.xUnitTests", "Services\Admin\Admin.xUnitTests\Admin.xUnitTests.csproj", "{185406F6-14BB-4BAB-A371-01FC6567DA37}"
EndProject
Project("{FAE04EC0-301F-11D3-BF4B-00C04F79EFBC}") = "Admin.Ui", "Services\Admin\Admin.Ui\Admin.Ui.csproj", "{D2625C25-15FA-43C3-BAAD-8B971434374E}"
EndProject
Global
	GlobalSection(SolutionConfigurationPlatforms) = preSolution
		Debug|Any CPU = Debug|Any CPU
		Debug|x64 = Debug|x64
		Debug|x86 = Debug|x86
		Release|Any CPU = Release|Any CPU
		Release|x64 = Release|x64
		Release|x86 = Release|x86
	EndGlobalSection
	GlobalSection(ProjectConfigurationPlatforms) = postSolution
		{113CF209-9F7A-467B-B6D8-68174F402E67}.Debug|Any CPU.ActiveCfg = Debug|Any CPU
		{113CF209-9F7A-467B-B6D8-68174F402E67}.Debug|Any CPU.Build.0 = Debug|Any CPU
		{113CF209-9F7A-467B-B6D8-68174F402E67}.Debug|x64.ActiveCfg = Debug|Any CPU
		{113CF209-9F7A-467B-B6D8-68174F402E67}.Debug|x64.Build.0 = Debug|Any CPU
		{113CF209-9F7A-467B-B6D8-68174F402E67}.Debug|x86.ActiveCfg = Debug|Any CPU
		{113CF209-9F7A-467B-B6D8-68174F402E67}.Debug|x86.Build.0 = Debug|Any CPU
		{113CF209-9F7A-467B-B6D8-68174F402E67}.Release|Any CPU.ActiveCfg = Release|Any CPU
		{113CF209-9F7A-467B-B6D8-68174F402E67}.Release|Any CPU.Build.0 = Release|Any CPU
		{113CF209-9F7A-467B-B6D8-68174F402E67}.Release|x64.ActiveCfg = Release|Any CPU
		{113CF209-9F7A-467B-B6D8-68174F402E67}.Release|x64.Build.0 = Release|Any CPU
		{113CF209-9F7A-467B-B6D8-68174F402E67}.Release|x86.ActiveCfg = Release|Any CPU
		{113CF209-9F7A-467B-B6D8-68174F402E67}.Release|x86.Build.0 = Release|Any CPU
		{F4BBE78F-DFAF-4D97-9DE4-356AC18B4414}.Debug|Any CPU.ActiveCfg = Debug|Any CPU
		{F4BBE78F-DFAF-4D97-9DE4-356AC18B4414}.Debug|Any CPU.Build.0 = Debug|Any CPU
		{F4BBE78F-DFAF-4D97-9DE4-356AC18B4414}.Debug|x64.ActiveCfg = Debug|Any CPU
		{F4BBE78F-DFAF-4D97-9DE4-356AC18B4414}.Debug|x64.Build.0 = Debug|Any CPU
		{F4BBE78F-DFAF-4D97-9DE4-356AC18B4414}.Debug|x86.ActiveCfg = Debug|Any CPU
		{F4BBE78F-DFAF-4D97-9DE4-356AC18B4414}.Debug|x86.Build.0 = Debug|Any CPU
		{F4BBE78F-DFAF-4D97-9DE4-356AC18B4414}.Release|Any CPU.ActiveCfg = Release|Any CPU
		{F4BBE78F-DFAF-4D97-9DE4-356AC18B4414}.Release|Any CPU.Build.0 = Release|Any CPU
		{F4BBE78F-DFAF-4D97-9DE4-356AC18B4414}.Release|x64.ActiveCfg = Release|Any CPU
		{F4BBE78F-DFAF-4D97-9DE4-356AC18B4414}.Release|x64.Build.0 = Release|Any CPU
		{F4BBE78F-DFAF-4D97-9DE4-356AC18B4414}.Release|x86.ActiveCfg = Release|Any CPU
		{F4BBE78F-DFAF-4D97-9DE4-356AC18B4414}.Release|x86.Build.0 = Release|Any CPU
		{B9633DD3-4F0B-4484-96FF-E7A92E1133BC}.Debug|Any CPU.ActiveCfg = Debug|Any CPU
		{B9633DD3-4F0B-4484-96FF-E7A92E1133BC}.Debug|Any CPU.Build.0 = Debug|Any CPU
		{B9633DD3-4F0B-4484-96FF-E7A92E1133BC}.Debug|x64.ActiveCfg = Debug|Any CPU
		{B9633DD3-4F0B-4484-96FF-E7A92E1133BC}.Debug|x64.Build.0 = Debug|Any CPU
		{B9633DD3-4F0B-4484-96FF-E7A92E1133BC}.Debug|x86.ActiveCfg = Debug|Any CPU
		{B9633DD3-4F0B-4484-96FF-E7A92E1133BC}.Debug|x86.Build.0 = Debug|Any CPU
		{B9633DD3-4F0B-4484-96FF-E7A92E1133BC}.Release|Any CPU.ActiveCfg = Release|Any CPU
		{B9633DD3-4F0B-4484-96FF-E7A92E1133BC}.Release|Any CPU.Build.0 = Release|Any CPU
		{B9633DD3-4F0B-4484-96FF-E7A92E1133BC}.Release|x64.ActiveCfg = Release|Any CPU
		{B9633DD3-4F0B-4484-96FF-E7A92E1133BC}.Release|x64.Build.0 = Release|Any CPU
		{B9633DD3-4F0B-4484-96FF-E7A92E1133BC}.Release|x86.ActiveCfg = Release|Any CPU
		{B9633DD3-4F0B-4484-96FF-E7A92E1133BC}.Release|x86.Build.0 = Release|Any CPU
		{6DE71224-391F-4B4D-BEE4-AFE1BBD23FE5}.Debug|Any CPU.ActiveCfg = Debug|Any CPU
		{6DE71224-391F-4B4D-BEE4-AFE1BBD23FE5}.Debug|Any CPU.Build.0 = Debug|Any CPU
		{6DE71224-391F-4B4D-BEE4-AFE1BBD23FE5}.Debug|x64.ActiveCfg = Debug|Any CPU
		{6DE71224-391F-4B4D-BEE4-AFE1BBD23FE5}.Debug|x64.Build.0 = Debug|Any CPU
		{6DE71224-391F-4B4D-BEE4-AFE1BBD23FE5}.Debug|x86.ActiveCfg = Debug|Any CPU
		{6DE71224-391F-4B4D-BEE4-AFE1BBD23FE5}.Debug|x86.Build.0 = Debug|Any CPU
		{6DE71224-391F-4B4D-BEE4-AFE1BBD23FE5}.Release|Any CPU.ActiveCfg = Release|Any CPU
		{6DE71224-391F-4B4D-BEE4-AFE1BBD23FE5}.Release|Any CPU.Build.0 = Release|Any CPU
		{6DE71224-391F-4B4D-BEE4-AFE1BBD23FE5}.Release|x64.ActiveCfg = Release|Any CPU
		{6DE71224-391F-4B4D-BEE4-AFE1BBD23FE5}.Release|x64.Build.0 = Release|Any CPU
		{6DE71224-391F-4B4D-BEE4-AFE1BBD23FE5}.Release|x86.ActiveCfg = Release|Any CPU
		{6DE71224-391F-4B4D-BEE4-AFE1BBD23FE5}.Release|x86.Build.0 = Release|Any CPU
		{96DFB433-E199-473B-82B3-600A753BEB79}.Debug|Any CPU.ActiveCfg = Debug|Any CPU
		{96DFB433-E199-473B-82B3-600A753BEB79}.Debug|Any CPU.Build.0 = Debug|Any CPU
		{96DFB433-E199-473B-82B3-600A753BEB79}.Debug|x64.ActiveCfg = Debug|Any CPU
		{96DFB433-E199-473B-82B3-600A753BEB79}.Debug|x64.Build.0 = Debug|Any CPU
		{96DFB433-E199-473B-82B3-600A753BEB79}.Debug|x86.ActiveCfg = Debug|Any CPU
		{96DFB433-E199-473B-82B3-600A753BEB79}.Debug|x86.Build.0 = Debug|Any CPU
		{96DFB433-E199-473B-82B3-600A753BEB79}.Release|Any CPU.ActiveCfg = Release|Any CPU
		{96DFB433-E199-473B-82B3-600A753BEB79}.Release|Any CPU.Build.0 = Release|Any CPU
		{96DFB433-E199-473B-82B3-600A753BEB79}.Release|x64.ActiveCfg = Release|Any CPU
		{96DFB433-E199-473B-82B3-600A753BEB79}.Release|x64.Build.0 = Release|Any CPU
		{96DFB433-E199-473B-82B3-600A753BEB79}.Release|x86.ActiveCfg = Release|Any CPU
		{96DFB433-E199-473B-82B3-600A753BEB79}.Release|x86.Build.0 = Release|Any CPU
		{C8AACBF1-A1C9-4674-8CE3-92746DFE0C67}.Debug|Any CPU.ActiveCfg = Debug|Any CPU
		{C8AACBF1-A1C9-4674-8CE3-92746DFE0C67}.Debug|Any CPU.Build.0 = Debug|Any CPU
		{C8AACBF1-A1C9-4674-8CE3-92746DFE0C67}.Debug|x64.ActiveCfg = Debug|Any CPU
		{C8AACBF1-A1C9-4674-8CE3-92746DFE0C67}.Debug|x64.Build.0 = Debug|Any CPU
		{C8AACBF1-A1C9-4674-8CE3-92746DFE0C67}.Debug|x86.ActiveCfg = Debug|Any CPU
		{C8AACBF1-A1C9-4674-8CE3-92746DFE0C67}.Debug|x86.Build.0 = Debug|Any CPU
		{C8AACBF1-A1C9-4674-8CE3-92746DFE0C67}.Release|Any CPU.ActiveCfg = Release|Any CPU
		{C8AACBF1-A1C9-4674-8CE3-92746DFE0C67}.Release|Any CPU.Build.0 = Release|Any CPU
		{C8AACBF1-A1C9-4674-8CE3-92746DFE0C67}.Release|x64.ActiveCfg = Release|Any CPU
		{C8AACBF1-A1C9-4674-8CE3-92746DFE0C67}.Release|x64.Build.0 = Release|Any CPU
		{C8AACBF1-A1C9-4674-8CE3-92746DFE0C67}.Release|x86.ActiveCfg = Release|Any CPU
		{C8AACBF1-A1C9-4674-8CE3-92746DFE0C67}.Release|x86.Build.0 = Release|Any CPU
		{B1A4965F-5908-4D3D-AE61-F7EE655A355B}.Debug|Any CPU.ActiveCfg = Debug|Any CPU
		{B1A4965F-5908-4D3D-AE61-F7EE655A355B}.Debug|Any CPU.Build.0 = Debug|Any CPU
		{B1A4965F-5908-4D3D-AE61-F7EE655A355B}.Debug|x64.ActiveCfg = Debug|Any CPU
		{B1A4965F-5908-4D3D-AE61-F7EE655A355B}.Debug|x64.Build.0 = Debug|Any CPU
		{B1A4965F-5908-4D3D-AE61-F7EE655A355B}.Debug|x86.ActiveCfg = Debug|Any CPU
		{B1A4965F-5908-4D3D-AE61-F7EE655A355B}.Debug|x86.Build.0 = Debug|Any CPU
		{B1A4965F-5908-4D3D-AE61-F7EE655A355B}.Release|Any CPU.ActiveCfg = Release|Any CPU
		{B1A4965F-5908-4D3D-AE61-F7EE655A355B}.Release|Any CPU.Build.0 = Release|Any CPU
		{B1A4965F-5908-4D3D-AE61-F7EE655A355B}.Release|x64.ActiveCfg = Release|Any CPU
		{B1A4965F-5908-4D3D-AE61-F7EE655A355B}.Release|x64.Build.0 = Release|Any CPU
		{B1A4965F-5908-4D3D-AE61-F7EE655A355B}.Release|x86.ActiveCfg = Release|Any CPU
		{B1A4965F-5908-4D3D-AE61-F7EE655A355B}.Release|x86.Build.0 = Release|Any CPU
		{8652FEAC-6E4A-4517-8C4E-CD3CE16FAC6F}.Debug|Any CPU.ActiveCfg = Debug|Any CPU
		{8652FEAC-6E4A-4517-8C4E-CD3CE16FAC6F}.Debug|Any CPU.Build.0 = Debug|Any CPU
		{8652FEAC-6E4A-4517-8C4E-CD3CE16FAC6F}.Debug|x64.ActiveCfg = Debug|Any CPU
		{8652FEAC-6E4A-4517-8C4E-CD3CE16FAC6F}.Debug|x64.Build.0 = Debug|Any CPU
		{8652FEAC-6E4A-4517-8C4E-CD3CE16FAC6F}.Debug|x86.ActiveCfg = Debug|Any CPU
		{8652FEAC-6E4A-4517-8C4E-CD3CE16FAC6F}.Debug|x86.Build.0 = Debug|Any CPU
		{8652FEAC-6E4A-4517-8C4E-CD3CE16FAC6F}.Release|Any CPU.ActiveCfg = Release|Any CPU
		{8652FEAC-6E4A-4517-8C4E-CD3CE16FAC6F}.Release|Any CPU.Build.0 = Release|Any CPU
		{8652FEAC-6E4A-4517-8C4E-CD3CE16FAC6F}.Release|x64.ActiveCfg = Release|Any CPU
		{8652FEAC-6E4A-4517-8C4E-CD3CE16FAC6F}.Release|x64.Build.0 = Release|Any CPU
		{8652FEAC-6E4A-4517-8C4E-CD3CE16FAC6F}.Release|x86.ActiveCfg = Release|Any CPU
		{8652FEAC-6E4A-4517-8C4E-CD3CE16FAC6F}.Release|x86.Build.0 = Release|Any CPU
		{185406F6-14BB-4BAB-A371-01FC6567DA37}.Debug|Any CPU.ActiveCfg = Debug|Any CPU
		{185406F6-14BB-4BAB-A371-01FC6567DA37}.Debug|Any CPU.Build.0 = Debug|Any CPU
		{185406F6-14BB-4BAB-A371-01FC6567DA37}.Debug|x64.ActiveCfg = Debug|Any CPU
		{185406F6-14BB-4BAB-A371-01FC6567DA37}.Debug|x64.Build.0 = Debug|Any CPU
		{185406F6-14BB-4BAB-A371-01FC6567DA37}.Debug|x86.ActiveCfg = Debug|Any CPU
		{185406F6-14BB-4BAB-A371-01FC6567DA37}.Debug|x86.Build.0 = Debug|Any CPU
		{185406F6-14BB-4BAB-A371-01FC6567DA37}.Release|Any CPU.ActiveCfg = Release|Any CPU
		{185406F6-14BB-4BAB-A371-01FC6567DA37}.Release|Any CPU.Build.0 = Release|Any CPU
		{185406F6-14BB-4BAB-A371-01FC6567DA37}.Release|x64.ActiveCfg = Release|Any CPU
		{185406F6-14BB-4BAB-A371-01FC6567DA37}.Release|x64.Build.0 = Release|Any CPU
		{185406F6-14BB-4BAB-A371-01FC6567DA37}.Release|x86.ActiveCfg = Release|Any CPU
		{185406F6-14BB-4BAB-A371-01FC6567DA37}.Release|x86.Build.0 = Release|Any CPU
		{D2625C25-15FA-43C3-BAAD-8B971434374E}.Debug|Any CPU.ActiveCfg = Debug|Any CPU
		{D2625C25-15FA-43C3-BAAD-8B971434374E}.Debug|Any CPU.Build.0 = Debug|Any CPU
		{D2625C25-15FA-43C3-BAAD-8B971434374E}.Debug|x64.ActiveCfg = Debug|Any CPU
		{D2625C25-15FA-43C3-BAAD-8B971434374E}.Debug|x64.Build.0 = Debug|Any CPU
		{D2625C25-15FA-43C3-BAAD-8B971434374E}.Debug|x86.ActiveCfg = Debug|Any CPU
		{D2625C25-15FA-43C3-BAAD-8B971434374E}.Debug|x86.Build.0 = Debug|Any CPU
		{D2625C25-15FA-43C3-BAAD-8B971434374E}.Release|Any CPU.ActiveCfg = Release|Any CPU
		{D2625C25-15FA-43C3-BAAD-8B971434374E}.Release|Any CPU.Build.0 = Release|Any CPU
		{D2625C25-15FA-43C3-BAAD-8B971434374E}.Release|x64.ActiveCfg = Release|Any CPU
		{D2625C25-15FA-43C3-BAAD-8B971434374E}.Release|x64.Build.0 = Release|Any CPU
		{D2625C25-15FA-43C3-BAAD-8B971434374E}.Release|x86.ActiveCfg = Release|Any CPU
		{D2625C25-15FA-43C3-BAAD-8B971434374E}.Release|x86.Build.0 = Release|Any CPU
	EndGlobalSection
	GlobalSection(SolutionProperties) = preSolution
		HideSolutionNode = FALSE
	EndGlobalSection
	GlobalSection(NestedProjects) = preSolution
		{A72710A1-07F0-7F52-C5F6-F6B27ED7D27D} = {5854FF58-B8C5-05C6-5BF2-ACE42193F22B}
		{96DFB433-E199-473B-82B3-600A753BEB79} = {A72710A1-07F0-7F52-C5F6-F6B27ED7D27D}
		{C8AACBF1-A1C9-4674-8CE3-92746DFE0C67} = {A72710A1-07F0-7F52-C5F6-F6B27ED7D27D}
		{B1A4965F-5908-4D3D-AE61-F7EE655A355B} = {A72710A1-07F0-7F52-C5F6-F6B27ED7D27D}
		{8652FEAC-6E4A-4517-8C4E-CD3CE16FAC6F} = {A72710A1-07F0-7F52-C5F6-F6B27ED7D27D}
		{185406F6-14BB-4BAB-A371-01FC6567DA37} = {A72710A1-07F0-7F52-C5F6-F6B27ED7D27D}
		{D2625C25-15FA-43C3-BAAD-8B971434374E} = {A72710A1-07F0-7F52-C5F6-F6B27ED7D27D}
	EndGlobalSection
	GlobalSection(ExtensibilityGlobals) = postSolution
		SolutionGuid = {669D514D-6291-4C49-930D-EA3F709975D2}
	EndGlobalSection
EndGlobal
