
Microsoft Visual Studio Solution File, Format Version 12.00
# Visual Studio Version 17
VisualStudioVersion = 17.14.36518.9
MinimumVisualStudioVersion = 10.0.40219.1
Project("{FAE04EC0-301F-11D3-BF4B-00C04F79EFBC}") = "Domain", "Domain\Domain.csproj", "{E528BBC3-1C26-8C35-F682-23718816ADCD}"
EndProject
Project("{FAE04EC0-301F-11D3-BF4B-00C04F79EFBC}") = "API", "Services\Customers\API\API.csproj", "{C07CE60F-8127-6BA9-5A77-9D4619A39225}"
EndProject
Project("{FAE04EC0-301F-11D3-BF4B-00C04F79EFBC}") = "Core", "Services\Customers\Core\Core.csproj", "{0F905581-0EE2-9457-53C6-B5217B7FB9AC}"
EndProject
Project("{2150E333-8FDC-42A3-9474-1A3956D46DE8}") = "Customers", "Customers", "{36D591C7-65C7-A0D1-1CBC-10CDE441BDC8}"
EndProject
Project("{2150E333-8FDC-42A3-9474-1A3956D46DE8}") = "Services", "Services", "{126584E2-C4AD-458B-837E-B855F9C3E1C1}"
EndProject
Global
	GlobalSection(SolutionConfigurationPlatforms) = preSolution
		Debug|Any CPU = Debug|Any CPU
		Release|Any CPU = Release|Any CPU
	EndGlobalSection
	GlobalSection(ProjectConfigurationPlatforms) = postSolution
		{E528BBC3-1C26-8C35-F682-23718816ADCD}.Debug|Any CPU.ActiveCfg = Debug|Any CPU
		{E528BBC3-1C26-8C35-F682-23718816ADCD}.Debug|Any CPU.Build.0 = Debug|Any CPU
		{E528BBC3-1C26-8C35-F682-23718816ADCD}.Release|Any CPU.ActiveCfg = Release|Any CPU
		{E528BBC3-1C26-8C35-F682-23718816ADCD}.Release|Any CPU.Build.0 = Release|Any CPU
		{C07CE60F-8127-6BA9-5A77-9D4619A39225}.Debug|Any CPU.ActiveCfg = Debug|Any CPU
		{C07CE60F-8127-6BA9-5A77-9D4619A39225}.Debug|Any CPU.Build.0 = Debug|Any CPU
		{C07CE60F-8127-6BA9-5A77-9D4619A39225}.Release|Any CPU.ActiveCfg = Release|Any CPU
		{C07CE60F-8127-6BA9-5A77-9D4619A39225}.Release|Any CPU.Build.0 = Release|Any CPU
		{0F905581-0EE2-9457-53C6-B5217B7FB9AC}.Debug|Any CPU.ActiveCfg = Debug|Any CPU
		{0F905581-0EE2-9457-53C6-B5217B7FB9AC}.Debug|Any CPU.Build.0 = Debug|Any CPU
		{0F905581-0EE2-9457-53C6-B5217B7FB9AC}.Release|Any CPU.ActiveCfg = Release|Any CPU
		{0F905581-0EE2-9457-53C6-B5217B7FB9AC}.Release|Any CPU.Build.0 = Release|Any CPU
	EndGlobalSection
	GlobalSection(SolutionProperties) = preSolution
		HideSolutionNode = FALSE
	EndGlobalSection
	GlobalSection(NestedProjects) = preSolution
		{C07CE60F-8127-6BA9-5A77-9D4619A39225} = {36D591C7-65C7-A0D1-1CBC-10CDE441BDC8}
		{0F905581-0EE2-9457-53C6-B5217B7FB9AC} = {36D591C7-65C7-A0D1-1CBC-10CDE441BDC8}
		{36D591C7-65C7-A0D1-1CBC-10CDE441BDC8} = {126584E2-C4AD-458B-837E-B855F9C3E1C1}
	EndGlobalSection
	GlobalSection(ExtensibilityGlobals) = postSolution
		SolutionGuid = {669D514D-6291-4C49-930D-EA3F709975D2}
	EndGlobalSection
EndGlobal
