
Microsoft Visual Studio Solution File, Format Version 12.00
# Visual Studio Version 17
VisualStudioVersion = 17.14.36518.9 d17.14
MinimumVisualStudioVersion = 10.0.40219.1
Project("{FAE04EC0-301F-11D3-BF4B-00C04F79EFBC}") = "Domain", "Domain.csproj", "{A1EB7378-BE51-47EA-9FD1-ADA4A50D001F}"
EndProject
Project("{FAE04EC0-301F-11D3-BF4B-00C04F79EFBC}") = "Tests", "..\Tests\Tests.csproj", "{F1B490E1-9E76-48A2-B690-1860F5623608}"
EndProject
Global
	GlobalSection(SolutionConfigurationPlatforms) = preSolution
		Debug|Any CPU = Debug|Any CPU
		Release|Any CPU = Release|Any CPU
	EndGlobalSection
	GlobalSection(ProjectConfigurationPlatforms) = postSolution
		{A1EB7378-BE51-47EA-9FD1-ADA4A50D001F}.Debug|Any CPU.ActiveCfg = Debug|Any CPU
		{A1EB7378-BE51-47EA-9FD1-ADA4A50D001F}.Debug|Any CPU.Build.0 = Debug|Any CPU
		{A1EB7378-BE51-47EA-9FD1-ADA4A50D001F}.Release|Any CPU.ActiveCfg = Release|Any CPU
		{A1EB7378-BE51-47EA-9FD1-ADA4A50D001F}.Release|Any CPU.Build.0 = Release|Any CPU
		{F1B490E1-9E76-48A2-B690-1860F5623608}.Debug|Any CPU.ActiveCfg = Debug|Any CPU
		{F1B490E1-9E76-48A2-B690-1860F5623608}.Debug|Any CPU.Build.0 = Debug|Any CPU
		{F1B490E1-9E76-48A2-B690-1860F5623608}.Release|Any CPU.ActiveCfg = Release|Any CPU
		{F1B490E1-9E76-48A2-B690-1860F5623608}.Release|Any CPU.Build.0 = Release|Any CPU
	EndGlobalSection
	GlobalSection(SolutionProperties) = preSolution
		HideSolutionNode = FALSE
	EndGlobalSection
	GlobalSection(ExtensibilityGlobals) = postSolution
		SolutionGuid = {669D514D-6291-4C49-930D-EA3F709975D2}
	EndGlobalSection
EndGlobal
